// !$*UTF8*$!
{
	archiveVersion = 1;
	classes = {
	};
	objectVersion = 51;
	objects = {

/* Begin PBXBuildFile section */
		B3192304253B2354009AB25F /* AppDelegate.swift in Sources */ = {isa = PBXBuildFile; fileRef = B3192303253B2354009AB25F /* AppDelegate.swift */; };
		B3192306253B2354009AB25F /* SceneDelegate.swift in Sources */ = {isa = PBXBuildFile; fileRef = B3192305253B2354009AB25F /* SceneDelegate.swift */; };
		B3192308253B2354009AB25F /* ViewController.swift in Sources */ = {isa = PBXBuildFile; fileRef = B3192307253B2354009AB25F /* ViewController.swift */; };
		B319230B253B2354009AB25F /* Main.storyboard in Resources */ = {isa = PBXBuildFile; fileRef = B3192309253B2354009AB25F /* Main.storyboard */; };
		B319230D253B2355009AB25F /* Assets.xcassets in Resources */ = {isa = PBXBuildFile; fileRef = B319230C253B2355009AB25F /* Assets.xcassets */; };
		B3192310253B2356009AB25F /* LaunchScreen.storyboard in Resources */ = {isa = PBXBuildFile; fileRef = B319230E253B2356009AB25F /* LaunchScreen.storyboard */; };
		B3D67BB3253B41C500D2185F /* squish.caf in Resources */ = {isa = PBXBuildFile; fileRef = B3D67BB2253B41C500D2185F /* squish.caf */; };
		DC80750E579EA5F7927ABA6B /* Pods_picnic.framework in Frameworks */ = {isa = PBXBuildFile; fileRef = F72AAAA09E55115582ED22C2 /* Pods_picnic.framework */; };
/* End PBXBuildFile section */

/* Begin PBXFileReference section */
		5B0E0F2D707929A55ADEB37A /* Pods-picnic.release.xcconfig */ = {isa = PBXFileReference; includeInIndex = 1; lastKnownFileType = text.xcconfig; name = "Pods-picnic.release.xcconfig"; path = "Target Support Files/Pods-picnic/Pods-picnic.release.xcconfig"; sourceTree = "<group>"; };
		5D4FCE42FA5DCFF2787472F9 /* Pods-picnic.debug.xcconfig */ = {isa = PBXFileReference; includeInIndex = 1; lastKnownFileType = text.xcconfig; name = "Pods-picnic.debug.xcconfig"; path = "Target Support Files/Pods-picnic/Pods-picnic.debug.xcconfig"; sourceTree = "<group>"; };
		B3192300253B2354009AB25F /* picnic.app */ = {isa = PBXFileReference; explicitFileType = wrapper.application; includeInIndex = 0; path = picnic.app; sourceTree = BUILT_PRODUCTS_DIR; };
		B3192303253B2354009AB25F /* AppDelegate.swift */ = {isa = PBXFileReference; lastKnownFileType = sourcecode.swift; path = AppDelegate.swift; sourceTree = "<group>"; };
		B3192305253B2354009AB25F /* SceneDelegate.swift */ = {isa = PBXFileReference; lastKnownFileType = sourcecode.swift; path = SceneDelegate.swift; sourceTree = "<group>"; };
		B3192307253B2354009AB25F /* ViewController.swift */ = {isa = PBXFileReference; lastKnownFileType = sourcecode.swift; path = ViewController.swift; sourceTree = "<group>"; };
		B319230A253B2354009AB25F /* Base */ = {isa = PBXFileReference; lastKnownFileType = file.storyboard; name = Base; path = Base.lproj/Main.storyboard; sourceTree = "<group>"; };
		B319230C253B2355009AB25F /* Assets.xcassets */ = {isa = PBXFileReference; lastKnownFileType = folder.assetcatalog; path = Assets.xcassets; sourceTree = "<group>"; };
		B319230F253B2356009AB25F /* Base */ = {isa = PBXFileReference; lastKnownFileType = file.storyboard; name = Base; path = Base.lproj/LaunchScreen.storyboard; sourceTree = "<group>"; };
		B3192311253B2356009AB25F /* Info.plist */ = {isa = PBXFileReference; lastKnownFileType = text.plist.xml; path = Info.plist; sourceTree = "<group>"; };
		B3D67BB2253B41C500D2185F /* squish.caf */ = {isa = PBXFileReference; lastKnownFileType = file; path = squish.caf; sourceTree = "<group>"; };
		F72AAAA09E55115582ED22C2 /* Pods_picnic.framework */ = {isa = PBXFileReference; explicitFileType = wrapper.framework; includeInIndex = 0; path = Pods_picnic.framework; sourceTree = BUILT_PRODUCTS_DIR; };
/* End PBXFileReference section */

/* Begin PBXFrameworksBuildPhase section */
		B31922FD253B2354009AB25F /* Frameworks */ = {
			isa = PBXFrameworksBuildPhase;
			buildActionMask = 2147483647;
			files = (
				DC80750E579EA5F7927ABA6B /* Pods_picnic.framework in Frameworks */,
			);
			runOnlyForDeploymentPostprocessing = 0;
		};
/* End PBXFrameworksBuildPhase section */

/* Begin PBXGroup section */
		5350C64D180246FDAB2D1622 /* Pods */ = {
			isa = PBXGroup;
			children = (
				5D4FCE42FA5DCFF2787472F9 /* Pods-picnic.debug.xcconfig */,
				5B0E0F2D707929A55ADEB37A /* Pods-picnic.release.xcconfig */,
			);
			path = Pods;
			sourceTree = "<group>";
		};
		60576D13870AB5D454C035B7 /* Frameworks */ = {
			isa = PBXGroup;
			children = (
				F72AAAA09E55115582ED22C2 /* Pods_picnic.framework */,
			);
			name = Frameworks;
			sourceTree = "<group>";
		};
		B31922F7253B2354009AB25F = {
			isa = PBXGroup;
			children = (
				B3192302253B2354009AB25F /* picnic */,
				B3192301253B2354009AB25F /* Products */,
				5350C64D180246FDAB2D1622 /* Pods */,
				60576D13870AB5D454C035B7 /* Frameworks */,
			);
			sourceTree = "<group>";
		};
		B3192301253B2354009AB25F /* Products */ = {
			isa = PBXGroup;
			children = (
				B3192300253B2354009AB25F /* picnic.app */,
			);
			name = Products;
			sourceTree = "<group>";
		};
		B3192302253B2354009AB25F /* picnic */ = {
			isa = PBXGroup;
			children = (
				B3D67BB1253B41C500D2185F /* Sounds */,
				B3192303253B2354009AB25F /* AppDelegate.swift */,
				B3192305253B2354009AB25F /* SceneDelegate.swift */,
				B3192307253B2354009AB25F /* ViewController.swift */,
				B3192309253B2354009AB25F /* Main.storyboard */,
				B319230C253B2355009AB25F /* Assets.xcassets */,
				B319230E253B2356009AB25F /* LaunchScreen.storyboard */,
				B3192311253B2356009AB25F /* Info.plist */,
			);
			path = picnic;
			sourceTree = "<group>";
		};
		B3D67BB1253B41C500D2185F /* Sounds */ = {
			isa = PBXGroup;
			children = (
				B3D67BB2253B41C500D2185F /* squish.caf */,
			);
			path = Sounds;
			sourceTree = "<group>";
		};
/* End PBXGroup section */

/* Begin PBXNativeTarget section */
		B31922FF253B2354009AB25F /* picnic */ = {
			isa = PBXNativeTarget;
			buildConfigurationList = B3192314253B2356009AB25F /* Build configuration list for PBXNativeTarget "picnic" */;
			buildPhases = (
				DA24A568565F9388EF75B343 /* [CP] Check Pods Manifest.lock */,
				B31922FC253B2354009AB25F /* Sources */,
				B31922FD253B2354009AB25F /* Frameworks */,
				B31922FE253B2354009AB25F /* Resources */,
				E9E9971459D1FC935FA0B5F5 /* [CP] Embed Pods Frameworks */,
			);
			buildRules = (
			);
			dependencies = (
			);
			name = picnic;
			productName = picnic;
			productReference = B3192300253B2354009AB25F /* picnic.app */;
			productType = "com.apple.product-type.application";
		};
/* End PBXNativeTarget section */

/* Begin PBXProject section */
		B31922F8253B2354009AB25F /* Project object */ = {
			isa = PBXProject;
			attributes = {
				LastSwiftUpdateCheck = 1200;
				LastUpgradeCheck = 1200;
				TargetAttributes = {
					B31922FF253B2354009AB25F = {
						CreatedOnToolsVersion = 12.0.1;
					};
				};
			};
			buildConfigurationList = B31922FB253B2354009AB25F /* Build configuration list for PBXProject "picnic" */;
			compatibilityVersion = "Xcode 9.3";
			developmentRegion = en;
			hasScannedForEncodings = 0;
			knownRegions = (
				en,
				Base,
			);
			mainGroup = B31922F7253B2354009AB25F;
			productRefGroup = B3192301253B2354009AB25F /* Products */;
			projectDirPath = "";
			projectRoot = "";
			targets = (
				B31922FF253B2354009AB25F /* picnic */,
			);
		};
/* End PBXProject section */

/* Begin PBXResourcesBuildPhase section */
		B31922FE253B2354009AB25F /* Resources */ = {
			isa = PBXResourcesBuildPhase;
			buildActionMask = 2147483647;
			files = (
				B3192310253B2356009AB25F /* LaunchScreen.storyboard in Resources */,
				B319230D253B2355009AB25F /* Assets.xcassets in Resources */,
				B319230B253B2354009AB25F /* Main.storyboard in Resources */,
				B3D67BB3253B41C500D2185F /* squish.caf in Resources */,
			);
			runOnlyForDeploymentPostprocessing = 0;
		};
/* End PBXResourcesBuildPhase section */

/* Begin PBXShellScriptBuildPhase section */
		DA24A568565F9388EF75B343 /* [CP] Check Pods Manifest.lock */ = {
			isa = PBXShellScriptBuildPhase;
			buildActionMask = 2147483647;
			files = (
			);
			inputFileListPaths = (
			);
			inputPaths = (
				"${PODS_PODFILE_DIR_PATH}/Podfile.lock",
				"${PODS_ROOT}/Manifest.lock",
			);
			name = "[CP] Check Pods Manifest.lock";
			outputFileListPaths = (
			);
			outputPaths = (
				"$(DERIVED_FILE_DIR)/Pods-picnic-checkManifestLockResult.txt",
			);
			runOnlyForDeploymentPostprocessing = 0;
			shellPath = /bin/sh;
			shellScript = "diff \"${PODS_PODFILE_DIR_PATH}/Podfile.lock\" \"${PODS_ROOT}/Manifest.lock\" > /dev/null\nif [ $? != 0 ] ; then\n    # print error to STDERR\n    echo \"error: The sandbox is not in sync with the Podfile.lock. Run 'pod install' or update your CocoaPods installation.\" >&2\n    exit 1\nfi\n# This output is used by Xcode 'outputs' to avoid re-running this script phase.\necho \"SUCCESS\" > \"${SCRIPT_OUTPUT_FILE_0}\"\n";
			showEnvVarsInLog = 0;
		};
		E9E9971459D1FC935FA0B5F5 /* [CP] Embed Pods Frameworks */ = {
			isa = PBXShellScriptBuildPhase;
			buildActionMask = 2147483647;
			files = (
			);
			inputFileListPaths = (
				"${PODS_ROOT}/Target Support Files/Pods-picnic/Pods-picnic-frameworks-${CONFIGURATION}-input-files.xcfilelist",
			);
			name = "[CP] Embed Pods Frameworks";
			outputFileListPaths = (
				"${PODS_ROOT}/Target Support Files/Pods-picnic/Pods-picnic-frameworks-${CONFIGURATION}-output-files.xcfilelist",
			);
			runOnlyForDeploymentPostprocessing = 0;
			shellPath = /bin/sh;
			shellScript = "\"${PODS_ROOT}/Target Support Files/Pods-picnic/Pods-picnic-frameworks.sh\"\n";
			showEnvVarsInLog = 0;
		};
/* End PBXShellScriptBuildPhase section */

/* Begin PBXSourcesBuildPhase section */
		B31922FC253B2354009AB25F /* Sources */ = {
			isa = PBXSourcesBuildPhase;
			buildActionMask = 2147483647;
			files = (
				B3192308253B2354009AB25F /* ViewController.swift in Sources */,
				B3192304253B2354009AB25F /* AppDelegate.swift in Sources */,
				B3192306253B2354009AB25F /* SceneDelegate.swift in Sources */,
			);
			runOnlyForDeploymentPostprocessing = 0;
		};
/* End PBXSourcesBuildPhase section */

/* Begin PBXVariantGroup section */
		B3192309253B2354009AB25F /* Main.storyboard */ = {
			isa = PBXVariantGroup;
			children = (
				B319230A253B2354009AB25F /* Base */,
			);
			name = Main.storyboard;
			sourceTree = "<group>";
		};
		B319230E253B2356009AB25F /* LaunchScreen.storyboard */ = {
			isa = PBXVariantGroup;
			children = (
				B319230F253B2356009AB25F /* Base */,
			);
			name = LaunchScreen.storyboard;
			sourceTree = "<group>";
		};
/* End PBXVariantGroup section */

/* Begin XCBuildConfiguration section */
		B3192312253B2356009AB25F /* Debug */ = {
			isa = XCBuildConfiguration;
			buildSettings = {
				ALWAYS_SEARCH_USER_PATHS = NO;
				CLANG_ANALYZER_NONNULL = YES;
				CLANG_ANALYZER_NUMBER_OBJECT_CONVERSION = YES_AGGRESSIVE;
				CLANG_CXX_LANGUAGE_STANDARD = "gnu++14";
				CLANG_CXX_LIBRARY = "libc++";
				CLANG_ENABLE_MODULES = YES;
				CLANG_ENABLE_OBJC_ARC = YES;
				CLANG_ENABLE_OBJC_WEAK = YES;
				CLANG_WARN_BLOCK_CAPTURE_AUTORELEASING = YES;
				CLANG_WARN_BOOL_CONVERSION = YES;
				CLANG_WARN_COMMA = YES;
				CLANG_WARN_CONSTANT_CONVERSION = YES;
				CLANG_WARN_DEPRECATED_OBJC_IMPLEMENTATIONS = YES;
				CLANG_WARN_DIRECT_OBJC_ISA_USAGE = YES_ERROR;
				CLANG_WARN_DOCUMENTATION_COMMENTS = YES;
				CLANG_WARN_EMPTY_BODY = YES;
				CLANG_WARN_ENUM_CONVERSION = YES;
				CLANG_WARN_INFINITE_RECURSION = YES;
				CLANG_WARN_INT_CONVERSION = YES;
				CLANG_WARN_NON_LITERAL_NULL_CONVERSION = YES;
				CLANG_WARN_OBJC_IMPLICIT_RETAIN_SELF = YES;
				CLANG_WARN_OBJC_LITERAL_CONVERSION = YES;
				CLANG_WARN_OBJC_ROOT_CLASS = YES_ERROR;
				CLANG_WARN_QUOTED_INCLUDE_IN_FRAMEWORK_HEADER = YES;
				CLANG_WARN_RANGE_LOOP_ANALYSIS = YES;
				CLANG_WARN_STRICT_PROTOTYPES = YES;
				CLANG_WARN_SUSPICIOUS_MOVE = YES;
				CLANG_WARN_UNGUARDED_AVAILABILITY = YES_AGGRESSIVE;
				CLANG_WARN_UNREACHABLE_CODE = YES;
				CLANG_WARN__DUPLICATE_METHOD_MATCH = YES;
				COPY_PHASE_STRIP = NO;
				DEBUG_INFORMATION_FORMAT = dwarf;
				ENABLE_STRICT_OBJC_MSGSEND = YES;
				ENABLE_TESTABILITY = YES;
				GCC_C_LANGUAGE_STANDARD = gnu11;
				GCC_DYNAMIC_NO_PIC = NO;
				GCC_NO_COMMON_BLOCKS = YES;
				GCC_OPTIMIZATION_LEVEL = 0;
				GCC_PREPROCESSOR_DEFINITIONS = (
					"DEBUG=1",
					"$(inherited)",
				);
				GCC_WARN_64_TO_32_BIT_CONVERSION = YES;
				GCC_WARN_ABOUT_RETURN_TYPE = YES_ERROR;
				GCC_WARN_UNDECLARED_SELECTOR = YES;
				GCC_WARN_UNINITIALIZED_AUTOS = YES_AGGRESSIVE;
				GCC_WARN_UNUSED_FUNCTION = YES;
				GCC_WARN_UNUSED_VARIABLE = YES;
				IPHONEOS_DEPLOYMENT_TARGET = 14.0;
				MTL_ENABLE_DEBUG_INFO = INCLUDE_SOURCE;
				MTL_FAST_MATH = YES;
				ONLY_ACTIVE_ARCH = YES;
				SDKROOT = iphoneos;
				SWIFT_ACTIVE_COMPILATION_CONDITIONS = DEBUG;
				SWIFT_OPTIMIZATION_LEVEL = "-Onone";
			};
			name = Debug;
		};
		B3192313253B2356009AB25F /* Release */ = {
			isa = XCBuildConfiguration;
			buildSettings = {
				ALWAYS_SEARCH_USER_PATHS = NO;
				CLANG_ANALYZER_NONNULL = YES;
				CLANG_ANALYZER_NUMBER_OBJECT_CONVERSION = YES_AGGRESSIVE;
				CLANG_CXX_LANGUAGE_STANDARD = "gnu++14";
				CLANG_CXX_LIBRARY = "libc++";
				CLANG_ENABLE_MODULES = YES;
				CLANG_ENABLE_OBJC_ARC = YES;
				CLANG_ENABLE_OBJC_WEAK = YES;
				CLANG_WARN_BLOCK_CAPTURE_AUTORELEASING = YES;
				CLANG_WARN_BOOL_CONVERSION = YES;
				CLANG_WARN_COMMA = YES;
				CLANG_WARN_CONSTANT_CONVERSION = YES;
				CLANG_WARN_DEPRECATED_OBJC_IMPLEMENTATIONS = YES;
				CLANG_WARN_DIRECT_OBJC_ISA_USAGE = YES_ERROR;
				CLANG_WARN_DOCUMENTATION_COMMENTS = YES;
				CLANG_WARN_EMPTY_BODY = YES;
				CLANG_WARN_ENUM_CONVERSION = YES;
				CLANG_WARN_INFINITE_RECURSION = YES;
				CLANG_WARN_INT_CONVERSION = YES;
				CLANG_WARN_NON_LITERAL_NULL_CONVERSION = YES;
				CLANG_WARN_OBJC_IMPLICIT_RETAIN_SELF = YES;
				CLANG_WARN_OBJC_LITERAL_CONVERSION = YES;
				CLANG_WARN_OBJC_ROOT_CLASS = YES_ERROR;
				CLANG_WARN_QUOTED_INCLUDE_IN_FRAMEWORK_HEADER = YES;
				CLANG_WARN_RANGE_LOOP_ANALYSIS = YES;
				CLANG_WARN_STRICT_PROTOTYPES = YES;
				CLANG_WARN_SUSPICIOUS_MOVE = YES;
				CLANG_WARN_UNGUARDED_AVAILABILITY = YES_AGGRESSIVE;
				CLANG_WARN_UNREACHABLE_CODE = YES;
				CLANG_WARN__DUPLICATE_METHOD_MATCH = YES;
				COPY_PHASE_STRIP = NO;
				DEBUG_INFORMATION_FORMAT = "dwarf-with-dsym";
				ENABLE_NS_ASSERTIONS = NO;
				ENABLE_STRICT_OBJC_MSGSEND = YES;
				GCC_C_LANGUAGE_STANDARD = gnu11;
				GCC_NO_COMMON_BLOCKS = YES;
				GCC_WARN_64_TO_32_BIT_CONVERSION = YES;
				GCC_WARN_ABOUT_RETURN_TYPE = YES_ERROR;
				GCC_WARN_UNDECLARED_SELECTOR = YES;
				GCC_WARN_UNINITIALIZED_AUTOS = YES_AGGRESSIVE;
				GCC_WARN_UNUSED_FUNCTION = YES;
				GCC_WARN_UNUSED_VARIABLE = YES;
				IPHONEOS_DEPLOYMENT_TARGET = 14.0;
				MTL_ENABLE_DEBUG_INFO = NO;
				MTL_FAST_MATH = YES;
				SDKROOT = iphoneos;
				SWIFT_COMPILATION_MODE = wholemodule;
				SWIFT_OPTIMIZATION_LEVEL = "-O";
				VALIDATE_PRODUCT = YES;
			};
			name = Release;
		};
		B3192315253B2356009AB25F /* Debug */ = {
			isa = XCBuildConfiguration;
			baseConfigurationReference = 5D4FCE42FA5DCFF2787472F9 /* Pods-picnic.debug.xcconfig */;
			buildSettings = {
				ASSETCATALOG_COMPILER_APPICON_NAME = AppIcon;
				ASSETCATALOG_COMPILER_GLOBAL_ACCENT_COLOR_NAME = AccentColor;
				CODE_SIGN_STYLE = Automatic;
				DEVELOPMENT_TEAM = J9875ARB5R;
				INFOPLIST_FILE = picnic/Info.plist;
				LD_RUNPATH_SEARCH_PATHS = (
					"$(inherited)",
					"@executable_path/Frameworks",
				);
				PRODUCT_BUNDLE_IDENTIFIER = "com.picnic.test-animation";
				PRODUCT_NAME = "$(TARGET_NAME)";
				SWIFT_VERSION = 5.0;
				TARGETED_DEVICE_FAMILY = "1,2";
			};
			name = Debug;
		};
		B3192316253B2356009AB25F /* Release */ = {
			isa = XCBuildConfiguration;
			baseConfigurationReference = 5B0E0F2D707929A55ADEB37A /* Pods-picnic.release.xcconfig */;
			buildSettings = {
				ASSETCATALOG_COMPILER_APPICON_NAME = AppIcon;
				ASSETCATALOG_COMPILER_GLOBAL_ACCENT_COLOR_NAME = AccentColor;
				CODE_SIGN_STYLE = Automatic;
				DEVELOPMENT_TEAM = J9875ARB5R;
				INFOPLIST_FILE = picnic/Info.plist;
				LD_RUNPATH_SEARCH_PATHS = (
					"$(inherited)",
					"@executable_path/Frameworks",
				);
				PRODUCT_BUNDLE_IDENTIFIER = "com.picnic.test-animation";
				PRODUCT_NAME = "$(TARGET_NAME)";
				SWIFT_VERSION = 5.0;
				TARGETED_DEVICE_FAMILY = "1,2";
			};
			name = Release;
		};
/* End XCBuildConfiguration section */

/* Begin XCConfigurationList section */
		B31922FB253B2354009AB25F /* Build configuration list for PBXProject "picnic" */ = {
			isa = XCConfigurationList;
			buildConfigurations = (
				B3192312253B2356009AB25F /* Debug */,
				B3192313253B2356009AB25F /* Release */,
			);
			defaultConfigurationIsVisible = 0;
			defaultConfigurationName = Release;
		};
		B3192314253B2356009AB25F /* Build configuration list for PBXNativeTarget "picnic" */ = {
			isa = XCConfigurationList;
			buildConfigurations = (
				B3192315253B2356009AB25F /* Debug */,
				B3192316253B2356009AB25F /* Release */,
			);
			defaultConfigurationIsVisible = 0;
			defaultConfigurationName = Release;
		};
/* End XCConfigurationList section */
	};
	rootObject = B31922F8253B2354009AB25F /* Project object */;
}
